
Microsoft Visual Studio Solution File, Format Version 12.00
# Visual Studio Version 17
VisualStudioVersion = 17.4.33213.308
MinimumVisualStudioVersion = 10.0.40219.1
Project("{FAE04EC0-301F-11D3-BF4B-00C04F79EFBC}") = "CodeFirstE1", "CodeFirstE1\CodeFirstE1.csproj", "{6160F55C-6027-48D8-B84B-C0B475DB6085}"
EndProject
Global
	GlobalSection(SolutionConfigurationPlatforms) = preSolution
		Debug|Any CPU = Debug|Any CPU
		Release|Any CPU = Release|Any CPU
	EndGlobalSection
	GlobalSection(ProjectConfigurationPlatforms) = postSolution
		{6160F55C-6027-48D8-B84B-C0B475DB6085}.Debug|Any CPU.ActiveCfg = Debug|Any CPU
		{6160F55C-6027-48D8-B84B-C0B475DB6085}.Debug|Any CPU.Build.0 = Debug|Any CPU
		{6160F55C-6027-48D8-B84B-C0B475DB6085}.Release|Any CPU.ActiveCfg = Release|Any CPU
		{6160F55C-6027-48D8-B84B-C0B475DB6085}.Release|Any CPU.Build.0 = Release|Any CPU
	EndGlobalSection
	GlobalSection(SolutionProperties) = preSolution
		HideSolutionNode = FALSE
	EndGlobalSection
	GlobalSection(ExtensibilityGlobals) = postSolution
		SolutionGuid = {FA0F8CDF-2C45-4554-803A-83792B04166F}
	EndGlobalSection
EndGlobal
