
Microsoft Visual Studio Solution File, Format Version 12.00
# Visual Studio Version 17
VisualStudioVersion = 17.4.33213.308
MinimumVisualStudioVersion = 10.0.40219.1
Project("{FAE04EC0-301F-11D3-BF4B-00C04F79EFBC}") = "Hunger1", "Hunger1\Hunger1.csproj", "{FA2BDB6D-8CF6-4E35-AF9C-7F781753DD95}"
EndProject
Global
	GlobalSection(SolutionConfigurationPlatforms) = preSolution
		Debug|Any CPU = Debug|Any CPU
		Release|Any CPU = Release|Any CPU
	EndGlobalSection
	GlobalSection(ProjectConfigurationPlatforms) = postSolution
		{FA2BDB6D-8CF6-4E35-AF9C-7F781753DD95}.Debug|Any CPU.ActiveCfg = Debug|Any CPU
		{FA2BDB6D-8CF6-4E35-AF9C-7F781753DD95}.Debug|Any CPU.Build.0 = Debug|Any CPU
		{FA2BDB6D-8CF6-4E35-AF9C-7F781753DD95}.Release|Any CPU.ActiveCfg = Release|Any CPU
		{FA2BDB6D-8CF6-4E35-AF9C-7F781753DD95}.Release|Any CPU.Build.0 = Release|Any CPU
	EndGlobalSection
	GlobalSection(SolutionProperties) = preSolution
		HideSolutionNode = FALSE
	EndGlobalSection
	GlobalSection(ExtensibilityGlobals) = postSolution
		SolutionGuid = {7E92B96D-A468-4491-BB89-6040257B1F37}
	EndGlobalSection
EndGlobal
