
Microsoft Visual Studio Solution File, Format Version 12.00
# Visual Studio Version 17
VisualStudioVersion = 17.4.33213.308
MinimumVisualStudioVersion = 10.0.40219.1
Project("{FAE04EC0-301F-11D3-BF4B-00C04F79EFBC}") = "DesignDB", "DesignDB\DesignDB.csproj", "{4652EF8D-E63C-4D46-AB40-9E281B54E266}"
EndProject
Global
	GlobalSection(SolutionConfigurationPlatforms) = preSolution
		Debug|Any CPU = Debug|Any CPU
		Release|Any CPU = Release|Any CPU
	EndGlobalSection
	GlobalSection(ProjectConfigurationPlatforms) = postSolution
		{4652EF8D-E63C-4D46-AB40-9E281B54E266}.Debug|Any CPU.ActiveCfg = Debug|Any CPU
		{4652EF8D-E63C-4D46-AB40-9E281B54E266}.Debug|Any CPU.Build.0 = Debug|Any CPU
		{4652EF8D-E63C-4D46-AB40-9E281B54E266}.Release|Any CPU.ActiveCfg = Release|Any CPU
		{4652EF8D-E63C-4D46-AB40-9E281B54E266}.Release|Any CPU.Build.0 = Release|Any CPU
	EndGlobalSection
	GlobalSection(SolutionProperties) = preSolution
		HideSolutionNode = FALSE
	EndGlobalSection
	GlobalSection(ExtensibilityGlobals) = postSolution
		SolutionGuid = {36974809-FBBB-4268-9900-D679D4F51E1B}
	EndGlobalSection
EndGlobal
